
Microsoft Visual Studio Solution File, Format Version 12.00
# Visual Studio Version 16
VisualStudioVersion = 16.0.30804.86
MinimumVisualStudioVersion = 10.0.40219.1
Project("{FAE04EC0-301F-11D3-BF4B-00C04F79EFBC}") = "MediaPlayer", "MediaPlayer\MediaPlayer.csproj", "{AB69C8CE-95C7-43B8-BDEE-563AFD01FEEB}"
EndProject
Global
	GlobalSection(SolutionConfigurationPlatforms) = preSolution
		Debug|Any CPU = Debug|Any CPU
		Release|Any CPU = Release|Any CPU
	EndGlobalSection
	GlobalSection(ProjectConfigurationPlatforms) = postSolution
		{AB69C8CE-95C7-43B8-BDEE-563AFD01FEEB}.Debug|Any CPU.ActiveCfg = Debug|Any CPU
		{AB69C8CE-95C7-43B8-BDEE-563AFD01FEEB}.Debug|Any CPU.Build.0 = Debug|Any CPU
		{AB69C8CE-95C7-43B8-BDEE-563AFD01FEEB}.Release|Any CPU.ActiveCfg = Release|Any CPU
		{AB69C8CE-95C7-43B8-BDEE-563AFD01FEEB}.Release|Any CPU.Build.0 = Release|Any CPU
	EndGlobalSection
	GlobalSection(SolutionProperties) = preSolution
		HideSolutionNode = FALSE
	EndGlobalSection
	GlobalSection(ExtensibilityGlobals) = postSolution
		SolutionGuid = {4EADF0A5-5489-4FC2-A0BA-533494E800D7}
	EndGlobalSection
EndGlobal
